
Microsoft Visual Studio Solution File, Format Version 12.00
# Visual Studio Version 16
VisualStudioVersion = 16.0.31019.35
MinimumVisualStudioVersion = 10.0.40219.1
Project("{FAE04EC0-301F-11D3-BF4B-00C04F79EFBC}") = "WebApiDocker", "WebApiDocker.csproj", "{1D9433F7-46FC-4B5C-B9C9-9CC703C45E8F}"
EndProject
Global
	GlobalSection(SolutionConfigurationPlatforms) = preSolution
		Debug|Any CPU = Debug|Any CPU
		Release|Any CPU = Release|Any CPU
	EndGlobalSection
	GlobalSection(ProjectConfigurationPlatforms) = postSolution
		{1D9433F7-46FC-4B5C-B9C9-9CC703C45E8F}.Debug|Any CPU.ActiveCfg = Debug|Any CPU
		{1D9433F7-46FC-4B5C-B9C9-9CC703C45E8F}.Debug|Any CPU.Build.0 = Debug|Any CPU
		{1D9433F7-46FC-4B5C-B9C9-9CC703C45E8F}.Release|Any CPU.ActiveCfg = Release|Any CPU
		{1D9433F7-46FC-4B5C-B9C9-9CC703C45E8F}.Release|Any CPU.Build.0 = Release|Any CPU
	EndGlobalSection
	GlobalSection(SolutionProperties) = preSolution
		HideSolutionNode = FALSE
	EndGlobalSection
	GlobalSection(ExtensibilityGlobals) = postSolution
		SolutionGuid = {0011BC81-7EF5-4F23-85A8-4492DF8113D3}
	EndGlobalSection
EndGlobal
